
Microsoft Visual Studio Solution File, Format Version 12.00
# Visual Studio 15
VisualStudioVersion = 15.0.28307.102
MinimumVisualStudioVersion = 10.0.40219.1
Project("{F184B08F-C81C-45F6-A57F-5ABD9991F28F}") = "TcJoy", "TcJoy\TcJoy.vbproj", "{99EEF8BF-C17F-4523-8695-AC463536F8FE}"
EndProject
Project("{FAE04EC0-301F-11D3-BF4B-00C04F79EFBC}") = "J2i.Net.XInputWrapper", "..\J2i.Net.XInputWrapper\J2i.Net.XInputWrapper.csproj", "{146BCDF6-0354-4401-BBDD-57A52D2598A6}"
EndProject
Project("{FD9F1D59-E000-42F3-8744-88DE1BE93C06}") = "TwinCAT Measurement Project2", "TwinCAT Measurement Project2\TwinCAT Measurement Project2.tcmproj", "{5C14FBDE-20E1-42BE-A7D4-D8EF4851D842}"
EndProject
Global
	GlobalSection(SolutionConfigurationPlatforms) = preSolution
		Debug|Any CPU = Debug|Any CPU
		Debug|TwinCAT CE7 (ARMV7) = Debug|TwinCAT CE7 (ARMV7)
		Debug|TwinCAT OS (ARMT2) = Debug|TwinCAT OS (ARMT2)
		Debug|TwinCAT RT (x64) = Debug|TwinCAT RT (x64)
		Debug|TwinCAT RT (x86) = Debug|TwinCAT RT (x86)
		Debug|x86 = Debug|x86
		Release|Any CPU = Release|Any CPU
		Release|TwinCAT CE7 (ARMV7) = Release|TwinCAT CE7 (ARMV7)
		Release|TwinCAT OS (ARMT2) = Release|TwinCAT OS (ARMT2)
		Release|TwinCAT RT (x64) = Release|TwinCAT RT (x64)
		Release|TwinCAT RT (x86) = Release|TwinCAT RT (x86)
		Release|x86 = Release|x86
	EndGlobalSection
	GlobalSection(ProjectConfigurationPlatforms) = postSolution
		{99EEF8BF-C17F-4523-8695-AC463536F8FE}.Debug|Any CPU.ActiveCfg = Debug|Any CPU
		{99EEF8BF-C17F-4523-8695-AC463536F8FE}.Debug|Any CPU.Build.0 = Debug|Any CPU
		{99EEF8BF-C17F-4523-8695-AC463536F8FE}.Debug|TwinCAT CE7 (ARMV7).ActiveCfg = Debug|Any CPU
		{99EEF8BF-C17F-4523-8695-AC463536F8FE}.Debug|TwinCAT CE7 (ARMV7).Build.0 = Debug|Any CPU
		{99EEF8BF-C17F-4523-8695-AC463536F8FE}.Debug|TwinCAT OS (ARMT2).ActiveCfg = Debug|Any CPU
		{99EEF8BF-C17F-4523-8695-AC463536F8FE}.Debug|TwinCAT OS (ARMT2).Build.0 = Debug|Any CPU
		{99EEF8BF-C17F-4523-8695-AC463536F8FE}.Debug|TwinCAT RT (x64).ActiveCfg = Debug|Any CPU
		{99EEF8BF-C17F-4523-8695-AC463536F8FE}.Debug|TwinCAT RT (x64).Build.0 = Debug|Any CPU
		{99EEF8BF-C17F-4523-8695-AC463536F8FE}.Debug|TwinCAT RT (x86).ActiveCfg = Debug|Any CPU
		{99EEF8BF-C17F-4523-8695-AC463536F8FE}.Debug|TwinCAT RT (x86).Build.0 = Debug|Any CPU
		{99EEF8BF-C17F-4523-8695-AC463536F8FE}.Debug|x86.ActiveCfg = Debug|Any CPU
		{99EEF8BF-C17F-4523-8695-AC463536F8FE}.Debug|x86.Build.0 = Debug|Any CPU
		{99EEF8BF-C17F-4523-8695-AC463536F8FE}.Release|Any CPU.ActiveCfg = Release|Any CPU
		{99EEF8BF-C17F-4523-8695-AC463536F8FE}.Release|Any CPU.Build.0 = Release|Any CPU
		{99EEF8BF-C17F-4523-8695-AC463536F8FE}.Release|TwinCAT CE7 (ARMV7).ActiveCfg = Release|Any CPU
		{99EEF8BF-C17F-4523-8695-AC463536F8FE}.Release|TwinCAT CE7 (ARMV7).Build.0 = Release|Any CPU
		{99EEF8BF-C17F-4523-8695-AC463536F8FE}.Release|TwinCAT OS (ARMT2).ActiveCfg = Release|Any CPU
		{99EEF8BF-C17F-4523-8695-AC463536F8FE}.Release|TwinCAT OS (ARMT2).Build.0 = Release|Any CPU
		{99EEF8BF-C17F-4523-8695-AC463536F8FE}.Release|TwinCAT RT (x64).ActiveCfg = Release|Any CPU
		{99EEF8BF-C17F-4523-8695-AC463536F8FE}.Release|TwinCAT RT (x64).Build.0 = Release|Any CPU
		{99EEF8BF-C17F-4523-8695-AC463536F8FE}.Release|TwinCAT RT (x86).ActiveCfg = Release|Any CPU
		{99EEF8BF-C17F-4523-8695-AC463536F8FE}.Release|TwinCAT RT (x86).Build.0 = Release|Any CPU
		{99EEF8BF-C17F-4523-8695-AC463536F8FE}.Release|x86.ActiveCfg = Release|Any CPU
		{99EEF8BF-C17F-4523-8695-AC463536F8FE}.Release|x86.Build.0 = Release|Any CPU
		{146BCDF6-0354-4401-BBDD-57A52D2598A6}.Debug|Any CPU.ActiveCfg = Debug|Any CPU
		{146BCDF6-0354-4401-BBDD-57A52D2598A6}.Debug|Any CPU.Build.0 = Debug|Any CPU
		{146BCDF6-0354-4401-BBDD-57A52D2598A6}.Debug|TwinCAT CE7 (ARMV7).ActiveCfg = Debug|Any CPU
		{146BCDF6-0354-4401-BBDD-57A52D2598A6}.Debug|TwinCAT CE7 (ARMV7).Build.0 = Debug|Any CPU
		{146BCDF6-0354-4401-BBDD-57A52D2598A6}.Debug|TwinCAT OS (ARMT2).ActiveCfg = Debug|Any CPU
		{146BCDF6-0354-4401-BBDD-57A52D2598A6}.Debug|TwinCAT OS (ARMT2).Build.0 = Debug|Any CPU
		{146BCDF6-0354-4401-BBDD-57A52D2598A6}.Debug|TwinCAT RT (x64).ActiveCfg = Debug|Any CPU
		{146BCDF6-0354-4401-BBDD-57A52D2598A6}.Debug|TwinCAT RT (x64).Build.0 = Debug|Any CPU
		{146BCDF6-0354-4401-BBDD-57A52D2598A6}.Debug|TwinCAT RT (x86).ActiveCfg = Debug|Any CPU
		{146BCDF6-0354-4401-BBDD-57A52D2598A6}.Debug|TwinCAT RT (x86).Build.0 = Debug|Any CPU
		{146BCDF6-0354-4401-BBDD-57A52D2598A6}.Debug|x86.ActiveCfg = Debug|Any CPU
		{146BCDF6-0354-4401-BBDD-57A52D2598A6}.Debug|x86.Build.0 = Debug|Any CPU
		{146BCDF6-0354-4401-BBDD-57A52D2598A6}.Release|Any CPU.ActiveCfg = Release|Any CPU
		{146BCDF6-0354-4401-BBDD-57A52D2598A6}.Release|Any CPU.Build.0 = Release|Any CPU
		{146BCDF6-0354-4401-BBDD-57A52D2598A6}.Release|TwinCAT CE7 (ARMV7).ActiveCfg = Release|Any CPU
		{146BCDF6-0354-4401-BBDD-57A52D2598A6}.Release|TwinCAT CE7 (ARMV7).Build.0 = Release|Any CPU
		{146BCDF6-0354-4401-BBDD-57A52D2598A6}.Release|TwinCAT OS (ARMT2).ActiveCfg = Release|Any CPU
		{146BCDF6-0354-4401-BBDD-57A52D2598A6}.Release|TwinCAT OS (ARMT2).Build.0 = Release|Any CPU
		{146BCDF6-0354-4401-BBDD-57A52D2598A6}.Release|TwinCAT RT (x64).ActiveCfg = Release|Any CPU
		{146BCDF6-0354-4401-BBDD-57A52D2598A6}.Release|TwinCAT RT (x64).Build.0 = Release|Any CPU
		{146BCDF6-0354-4401-BBDD-57A52D2598A6}.Release|TwinCAT RT (x86).ActiveCfg = Release|Any CPU
		{146BCDF6-0354-4401-BBDD-57A52D2598A6}.Release|TwinCAT RT (x86).Build.0 = Release|Any CPU
		{146BCDF6-0354-4401-BBDD-57A52D2598A6}.Release|x86.ActiveCfg = Release|Any CPU
		{146BCDF6-0354-4401-BBDD-57A52D2598A6}.Release|x86.Build.0 = Release|Any CPU
		{5C14FBDE-20E1-42BE-A7D4-D8EF4851D842}.Debug|Any CPU.ActiveCfg = Debug|TwinCAT OS (ARMT2)
		{5C14FBDE-20E1-42BE-A7D4-D8EF4851D842}.Debug|TwinCAT CE7 (ARMV7).ActiveCfg = Debug|TwinCAT CE7 (ARMV7)
		{5C14FBDE-20E1-42BE-A7D4-D8EF4851D842}.Debug|TwinCAT OS (ARMT2).ActiveCfg = Debug|TwinCAT OS (ARMT2)
		{5C14FBDE-20E1-42BE-A7D4-D8EF4851D842}.Debug|TwinCAT RT (x64).ActiveCfg = Debug|TwinCAT RT (x64)
		{5C14FBDE-20E1-42BE-A7D4-D8EF4851D842}.Debug|TwinCAT RT (x86).ActiveCfg = Debug|TwinCAT RT (x86)
		{5C14FBDE-20E1-42BE-A7D4-D8EF4851D842}.Debug|x86.ActiveCfg = Debug|TwinCAT RT (x86)
		{5C14FBDE-20E1-42BE-A7D4-D8EF4851D842}.Release|Any CPU.ActiveCfg = Release|TwinCAT OS (ARMT2)
		{5C14FBDE-20E1-42BE-A7D4-D8EF4851D842}.Release|TwinCAT CE7 (ARMV7).ActiveCfg = Release|TwinCAT CE7 (ARMV7)
		{5C14FBDE-20E1-42BE-A7D4-D8EF4851D842}.Release|TwinCAT OS (ARMT2).ActiveCfg = Release|TwinCAT OS (ARMT2)
		{5C14FBDE-20E1-42BE-A7D4-D8EF4851D842}.Release|TwinCAT RT (x64).ActiveCfg = Release|TwinCAT RT (x64)
		{5C14FBDE-20E1-42BE-A7D4-D8EF4851D842}.Release|TwinCAT RT (x86).ActiveCfg = Release|TwinCAT RT (x86)
		{5C14FBDE-20E1-42BE-A7D4-D8EF4851D842}.Release|x86.ActiveCfg = Release|TwinCAT RT (x86)
	EndGlobalSection
	GlobalSection(SolutionProperties) = preSolution
		HideSolutionNode = FALSE
	EndGlobalSection
	GlobalSection(ExtensibilityGlobals) = postSolution
		SolutionGuid = {101131B1-B8D4-4415-AD12-F1FB3357B844}
	EndGlobalSection
EndGlobal
